// !$*UTF8*$!
{
	archiveVersion = 1;
	classes = {
	};
	objectVersion = 50;
	objects = {

/* Begin PBXBuildFile section */
		D98599F02637B4840022E65C /* CreateEditTableViewController.swift in Sources */ = {isa = PBXBuildFile; fileRef = D98599EF2637B4840022E65C /* CreateEditTableViewController.swift */; };
		D98599F32637B7410022E65C /* SearchMealsTableViewController.swift in Sources */ = {isa = PBXBuildFile; fileRef = D98599F22637B7410022E65C /* SearchMealsTableViewController.swift */; };
		D98599FA2637C00B0022E65C /* MealOverviewCell.xib in Resources */ = {isa = PBXBuildFile; fileRef = D98599F92637C00B0022E65C /* MealOverviewCell.xib */; };
		D99633C92636A0470021BDCE /* MyMealsTableViewController.swift in Sources */ = {isa = PBXBuildFile; fileRef = D99633C82636A0470021BDCE /* MyMealsTableViewController.swift */; };
		D99633CD2636A5340021BDCE /* MealOverviewCell.swift in Sources */ = {isa = PBXBuildFile; fileRef = D99633CC2636A5340021BDCE /* MealOverviewCell.swift */; };
		D9F719132633B022000D0C3E /* AppDelegate.swift in Sources */ = {isa = PBXBuildFile; fileRef = D9F719122633B022000D0C3E /* AppDelegate.swift */; };
		D9F719152633B022000D0C3E /* SceneDelegate.swift in Sources */ = {isa = PBXBuildFile; fileRef = D9F719142633B022000D0C3E /* SceneDelegate.swift */; };
		D9F719172633B022000D0C3E /* ViewController.swift in Sources */ = {isa = PBXBuildFile; fileRef = D9F719162633B022000D0C3E /* ViewController.swift */; };
		D9F7191A2633B022000D0C3E /* Main.storyboard in Resources */ = {isa = PBXBuildFile; fileRef = D9F719182633B022000D0C3E /* Main.storyboard */; };
		D9F7191C2633B023000D0C3E /* Assets.xcassets in Resources */ = {isa = PBXBuildFile; fileRef = D9F7191B2633B023000D0C3E /* Assets.xcassets */; };
		D9F7191F2633B023000D0C3E /* LaunchScreen.storyboard in Resources */ = {isa = PBXBuildFile; fileRef = D9F7191D2633B023000D0C3E /* LaunchScreen.storyboard */; };
		D9F719322633B410000D0C3E /* Meal.swift in Sources */ = {isa = PBXBuildFile; fileRef = D9F719312633B410000D0C3E /* Meal.swift */; };
		D9F719352633B486000D0C3E /* IngredientMeasurement.swift in Sources */ = {isa = PBXBuildFile; fileRef = D9F719342633B486000D0C3E /* IngredientMeasurement.swift */; };
		D9F719382633B4B8000D0C3E /* Ingredient.swift in Sources */ = {isa = PBXBuildFile; fileRef = D9F719372633B4B8000D0C3E /* Ingredient.swift */; };
		D9FFCBFD26392E9F000D0B85 /* EditNameViewController.swift in Sources */ = {isa = PBXBuildFile; fileRef = D9FFCBFC26392E9F000D0B85 /* EditNameViewController.swift */; };
		D9FFCC0026392F77000D0B85 /* UIViewController-YOURAUTHCATE.swift in Sources */ = {isa = PBXBuildFile; fileRef = D9FFCBFF26392F77000D0B85 /* UIViewController-YOURAUTHCATE.swift */; };
		D9FFCC0426393139000D0B85 /* EditInstructionsViewController.swift in Sources */ = {isa = PBXBuildFile; fileRef = D9FFCC0326393139000D0B85 /* EditInstructionsViewController.swift */; };
		D9FFCC07263938BB000D0B85 /* IngredientsTableViewController.swift in Sources */ = {isa = PBXBuildFile; fileRef = D9FFCC06263938BB000D0B85 /* IngredientsTableViewController.swift */; };
/* End PBXBuildFile section */

/* Begin PBXFileReference section */
		D98599EF2637B4840022E65C /* CreateEditTableViewController.swift */ = {isa = PBXFileReference; lastKnownFileType = sourcecode.swift; path = CreateEditTableViewController.swift; sourceTree = "<group>"; };
		D98599F22637B7410022E65C /* SearchMealsTableViewController.swift */ = {isa = PBXFileReference; lastKnownFileType = sourcecode.swift; path = SearchMealsTableViewController.swift; sourceTree = "<group>"; };
		D98599F92637C00B0022E65C /* MealOverviewCell.xib */ = {isa = PBXFileReference; lastKnownFileType = file.xib; path = MealOverviewCell.xib; sourceTree = "<group>"; };
		D99633C82636A0470021BDCE /* MyMealsTableViewController.swift */ = {isa = PBXFileReference; lastKnownFileType = sourcecode.swift; path = MyMealsTableViewController.swift; sourceTree = "<group>"; };
		D99633CC2636A5340021BDCE /* MealOverviewCell.swift */ = {isa = PBXFileReference; lastKnownFileType = sourcecode.swift; path = MealOverviewCell.swift; sourceTree = "<group>"; };
		D9F7190F2633B022000D0C3E /* Assigment 2.app */ = {isa = PBXFileReference; explicitFileType = wrapper.application; includeInIndex = 0; path = "Assigment 2.app"; sourceTree = BUILT_PRODUCTS_DIR; };
		D9F719122633B022000D0C3E /* AppDelegate.swift */ = {isa = PBXFileReference; lastKnownFileType = sourcecode.swift; path = AppDelegate.swift; sourceTree = "<group>"; };
		D9F719142633B022000D0C3E /* SceneDelegate.swift */ = {isa = PBXFileReference; lastKnownFileType = sourcecode.swift; path = SceneDelegate.swift; sourceTree = "<group>"; };
		D9F719162633B022000D0C3E /* ViewController.swift */ = {isa = PBXFileReference; lastKnownFileType = sourcecode.swift; path = ViewController.swift; sourceTree = "<group>"; };
		D9F719192633B022000D0C3E /* Base */ = {isa = PBXFileReference; lastKnownFileType = file.storyboard; name = Base; path = Base.lproj/Main.storyboard; sourceTree = "<group>"; };
		D9F7191B2633B023000D0C3E /* Assets.xcassets */ = {isa = PBXFileReference; lastKnownFileType = folder.assetcatalog; path = Assets.xcassets; sourceTree = "<group>"; };
		D9F7191E2633B023000D0C3E /* Base */ = {isa = PBXFileReference; lastKnownFileType = file.storyboard; name = Base; path = Base.lproj/LaunchScreen.storyboard; sourceTree = "<group>"; };
		D9F719202633B023000D0C3E /* Info.plist */ = {isa = PBXFileReference; lastKnownFileType = text.plist.xml; path = Info.plist; sourceTree = "<group>"; };
		D9F719312633B410000D0C3E /* Meal.swift */ = {isa = PBXFileReference; lastKnownFileType = sourcecode.swift; path = Meal.swift; sourceTree = "<group>"; };
		D9F719342633B486000D0C3E /* IngredientMeasurement.swift */ = {isa = PBXFileReference; lastKnownFileType = sourcecode.swift; path = IngredientMeasurement.swift; sourceTree = "<group>"; };
		D9F719372633B4B8000D0C3E /* Ingredient.swift */ = {isa = PBXFileReference; lastKnownFileType = sourcecode.swift; path = Ingredient.swift; sourceTree = "<group>"; };
		D9FFCBFC26392E9F000D0B85 /* EditNameViewController.swift */ = {isa = PBXFileReference; lastKnownFileType = sourcecode.swift; path = EditNameViewController.swift; sourceTree = "<group>"; };
		D9FFCBFF26392F77000D0B85 /* UIViewController-YOURAUTHCATE.swift */ = {isa = PBXFileReference; fileEncoding = 4; lastKnownFileType = sourcecode.swift; path = "UIViewController-YOURAUTHCATE.swift"; sourceTree = "<group>"; };
		D9FFCC0326393139000D0B85 /* EditInstructionsViewController.swift */ = {isa = PBXFileReference; lastKnownFileType = sourcecode.swift; path = EditInstructionsViewController.swift; sourceTree = "<group>"; };
		D9FFCC06263938BB000D0B85 /* IngredientsTableViewController.swift */ = {isa = PBXFileReference; lastKnownFileType = sourcecode.swift; path = IngredientsTableViewController.swift; sourceTree = "<group>"; };
/* End PBXFileReference section */

/* Begin PBXFrameworksBuildPhase section */
		D9F7190C2633B022000D0C3E /* Frameworks */ = {
			isa = PBXFrameworksBuildPhase;
			buildActionMask = 2147483647;
			files = (
			);
			runOnlyForDeploymentPostprocessing = 0;
		};
/* End PBXFrameworksBuildPhase section */

/* Begin PBXGroup section */
		D99633CB2636A4EA0021BDCE /* Custom Table Cell Views */ = {
			isa = PBXGroup;
			children = (
				D99633CC2636A5340021BDCE /* MealOverviewCell.swift */,
				D98599F92637C00B0022E65C /* MealOverviewCell.xib */,
			);
			path = "Custom Table Cell Views";
			sourceTree = "<group>";
		};
		D9F719062633B022000D0C3E = {
			isa = PBXGroup;
			children = (
				D9F719112633B022000D0C3E /* Assigment 2 */,
				D9F719102633B022000D0C3E /* Products */,
			);
			sourceTree = "<group>";
		};
		D9F719102633B022000D0C3E /* Products */ = {
			isa = PBXGroup;
			children = (
				D9F7190F2633B022000D0C3E /* Assigment 2.app */,
			);
			name = Products;
			sourceTree = "<group>";
		};
		D9F719112633B022000D0C3E /* Assigment 2 */ = {
			isa = PBXGroup;
			children = (
				D99633CB2636A4EA0021BDCE /* Custom Table Cell Views */,
				D9FFCBFF26392F77000D0B85 /* UIViewController-YOURAUTHCATE.swift */,
				D9F719122633B022000D0C3E /* AppDelegate.swift */,
				D9F719142633B022000D0C3E /* SceneDelegate.swift */,
				D9F719162633B022000D0C3E /* ViewController.swift */,
				D9F719182633B022000D0C3E /* Main.storyboard */,
				D9F7191B2633B023000D0C3E /* Assets.xcassets */,
				D9F7191D2633B023000D0C3E /* LaunchScreen.storyboard */,
				D9F719202633B023000D0C3E /* Info.plist */,
				D9F719312633B410000D0C3E /* Meal.swift */,
				D9F719342633B486000D0C3E /* IngredientMeasurement.swift */,
				D9F719372633B4B8000D0C3E /* Ingredient.swift */,
				D99633C82636A0470021BDCE /* MyMealsTableViewController.swift */,
				D98599EF2637B4840022E65C /* CreateEditTableViewController.swift */,
				D98599F22637B7410022E65C /* SearchMealsTableViewController.swift */,
				D9FFCBFC26392E9F000D0B85 /* EditNameViewController.swift */,
				D9FFCC0326393139000D0B85 /* EditInstructionsViewController.swift */,
				D9FFCC06263938BB000D0B85 /* IngredientsTableViewController.swift */,
			);
			path = "Assigment 2";
			sourceTree = "<group>";
		};
/* End PBXGroup section */

/* Begin PBXNativeTarget section */
		D9F7190E2633B022000D0C3E /* Assigment 2 */ = {
			isa = PBXNativeTarget;
			buildConfigurationList = D9F719232633B023000D0C3E /* Build configuration list for PBXNativeTarget "Assigment 2" */;
			buildPhases = (
				D9F7190B2633B022000D0C3E /* Sources */,
				D9F7190C2633B022000D0C3E /* Frameworks */,
				D9F7190D2633B022000D0C3E /* Resources */,
			);
			buildRules = (
			);
			dependencies = (
			);
			name = "Assigment 2";
			productName = "Assigment 2: Portfolio Exercises";
			productReference = D9F7190F2633B022000D0C3E /* Assigment 2.app */;
			productType = "com.apple.product-type.application";
		};
/* End PBXNativeTarget section */

/* Begin PBXProject section */
		D9F719072633B022000D0C3E /* Project object */ = {
			isa = PBXProject;
			attributes = {
				LastSwiftUpdateCheck = 1240;
				LastUpgradeCheck = 1240;
				TargetAttributes = {
					D9F7190E2633B022000D0C3E = {
						CreatedOnToolsVersion = 12.4;
					};
				};
			};
			buildConfigurationList = D9F7190A2633B022000D0C3E /* Build configuration list for PBXProject "Assigment 2" */;
			compatibilityVersion = "Xcode 9.3";
			developmentRegion = en;
			hasScannedForEncodings = 0;
			knownRegions = (
				en,
				Base,
			);
			mainGroup = D9F719062633B022000D0C3E;
			productRefGroup = D9F719102633B022000D0C3E /* Products */;
			projectDirPath = "";
			projectRoot = "";
			targets = (
				D9F7190E2633B022000D0C3E /* Assigment 2 */,
			);
		};
/* End PBXProject section */

/* Begin PBXResourcesBuildPhase section */
		D9F7190D2633B022000D0C3E /* Resources */ = {
			isa = PBXResourcesBuildPhase;
			buildActionMask = 2147483647;
			files = (
				D9F7191F2633B023000D0C3E /* LaunchScreen.storyboard in Resources */,
				D9F7191C2633B023000D0C3E /* Assets.xcassets in Resources */,
				D9F7191A2633B022000D0C3E /* Main.storyboard in Resources */,
				D98599FA2637C00B0022E65C /* MealOverviewCell.xib in Resources */,
			);
			runOnlyForDeploymentPostprocessing = 0;
		};
/* End PBXResourcesBuildPhase section */

/* Begin PBXSourcesBuildPhase section */
		D9F7190B2633B022000D0C3E /* Sources */ = {
			isa = PBXSourcesBuildPhase;
			buildActionMask = 2147483647;
			files = (
				D9F719322633B410000D0C3E /* Meal.swift in Sources */,
				D9F719352633B486000D0C3E /* IngredientMeasurement.swift in Sources */,
				D9F719382633B4B8000D0C3E /* Ingredient.swift in Sources */,
				D99633CD2636A5340021BDCE /* MealOverviewCell.swift in Sources */,
				D98599F02637B4840022E65C /* CreateEditTableViewController.swift in Sources */,
				D99633C92636A0470021BDCE /* MyMealsTableViewController.swift in Sources */,
				D9FFCC0426393139000D0B85 /* EditInstructionsViewController.swift in Sources */,
				D98599F32637B7410022E65C /* SearchMealsTableViewController.swift in Sources */,
				D9FFCC07263938BB000D0B85 /* IngredientsTableViewController.swift in Sources */,
				D9FFCBFD26392E9F000D0B85 /* EditNameViewController.swift in Sources */,
				D9F719172633B022000D0C3E /* ViewController.swift in Sources */,
				D9F719132633B022000D0C3E /* AppDelegate.swift in Sources */,
				D9FFCC0026392F77000D0B85 /* UIViewController-YOURAUTHCATE.swift in Sources */,
				D9F719152633B022000D0C3E /* SceneDelegate.swift in Sources */,
			);
			runOnlyForDeploymentPostprocessing = 0;
		};
/* End PBXSourcesBuildPhase section */

/* Begin PBXVariantGroup section */
		D9F719182633B022000D0C3E /* Main.storyboard */ = {
			isa = PBXVariantGroup;
			children = (
				D9F719192633B022000D0C3E /* Base */,
			);
			name = Main.storyboard;
			sourceTree = "<group>";
		};
		D9F7191D2633B023000D0C3E /* LaunchScreen.storyboard */ = {
			isa = PBXVariantGroup;
			children = (
				D9F7191E2633B023000D0C3E /* Base */,
			);
			name = LaunchScreen.storyboard;
			sourceTree = "<group>";
		};
/* End PBXVariantGroup section */

/* Begin XCBuildConfiguration section */
		D9F719212633B023000D0C3E /* Debug */ = {
			isa = XCBuildConfiguration;
			buildSettings = {
				ALWAYS_SEARCH_USER_PATHS = NO;
				CLANG_ANALYZER_NONNULL = YES;
				CLANG_ANALYZER_NUMBER_OBJECT_CONVERSION = YES_AGGRESSIVE;
				CLANG_CXX_LANGUAGE_STANDARD = "gnu++14";
				CLANG_CXX_LIBRARY = "libc++";
				CLANG_ENABLE_MODULES = YES;
				CLANG_ENABLE_OBJC_ARC = YES;
				CLANG_ENABLE_OBJC_WEAK = YES;
				CLANG_WARN_BLOCK_CAPTURE_AUTORELEASING = YES;
				CLANG_WARN_BOOL_CONVERSION = YES;
				CLANG_WARN_COMMA = YES;
				CLANG_WARN_CONSTANT_CONVERSION = YES;
				CLANG_WARN_DEPRECATED_OBJC_IMPLEMENTATIONS = YES;
				CLANG_WARN_DIRECT_OBJC_ISA_USAGE = YES_ERROR;
				CLANG_WARN_DOCUMENTATION_COMMENTS = YES;
				CLANG_WARN_EMPTY_BODY = YES;
				CLANG_WARN_ENUM_CONVERSION = YES;
				CLANG_WARN_INFINITE_RECURSION = YES;
				CLANG_WARN_INT_CONVERSION = YES;
				CLANG_WARN_NON_LITERAL_NULL_CONVERSION = YES;
				CLANG_WARN_OBJC_IMPLICIT_RETAIN_SELF = YES;
				CLANG_WARN_OBJC_LITERAL_CONVERSION = YES;
				CLANG_WARN_OBJC_ROOT_CLASS = YES_ERROR;
				CLANG_WARN_QUOTED_INCLUDE_IN_FRAMEWORK_HEADER = YES;
				CLANG_WARN_RANGE_LOOP_ANALYSIS = YES;
				CLANG_WARN_STRICT_PROTOTYPES = YES;
				CLANG_WARN_SUSPICIOUS_MOVE = YES;
				CLANG_WARN_UNGUARDED_AVAILABILITY = YES_AGGRESSIVE;
				CLANG_WARN_UNREACHABLE_CODE = YES;
				CLANG_WARN__DUPLICATE_METHOD_MATCH = YES;
				COPY_PHASE_STRIP = NO;
				DEBUG_INFORMATION_FORMAT = dwarf;
				ENABLE_STRICT_OBJC_MSGSEND = YES;
				ENABLE_TESTABILITY = YES;
				GCC_C_LANGUAGE_STANDARD = gnu11;
				GCC_DYNAMIC_NO_PIC = NO;
				GCC_NO_COMMON_BLOCKS = YES;
				GCC_OPTIMIZATION_LEVEL = 0;
				GCC_PREPROCESSOR_DEFINITIONS = (
					"DEBUG=1",
					"$(inherited)",
				);
				GCC_WARN_64_TO_32_BIT_CONVERSION = YES;
				GCC_WARN_ABOUT_RETURN_TYPE = YES_ERROR;
				GCC_WARN_UNDECLARED_SELECTOR = YES;
				GCC_WARN_UNINITIALIZED_AUTOS = YES_AGGRESSIVE;
				GCC_WARN_UNUSED_FUNCTION = YES;
				GCC_WARN_UNUSED_VARIABLE = YES;
				IPHONEOS_DEPLOYMENT_TARGET = 14.4;
				MTL_ENABLE_DEBUG_INFO = INCLUDE_SOURCE;
				MTL_FAST_MATH = YES;
				ONLY_ACTIVE_ARCH = YES;
				SDKROOT = iphoneos;
				SWIFT_ACTIVE_COMPILATION_CONDITIONS = DEBUG;
				SWIFT_OPTIMIZATION_LEVEL = "-Onone";
			};
			name = Debug;
		};
		D9F719222633B023000D0C3E /* Release */ = {
			isa = XCBuildConfiguration;
			buildSettings = {
				ALWAYS_SEARCH_USER_PATHS = NO;
				CLANG_ANALYZER_NONNULL = YES;
				CLANG_ANALYZER_NUMBER_OBJECT_CONVERSION = YES_AGGRESSIVE;
				CLANG_CXX_LANGUAGE_STANDARD = "gnu++14";
				CLANG_CXX_LIBRARY = "libc++";
				CLANG_ENABLE_MODULES = YES;
				CLANG_ENABLE_OBJC_ARC = YES;
				CLANG_ENABLE_OBJC_WEAK = YES;
				CLANG_WARN_BLOCK_CAPTURE_AUTORELEASING = YES;
				CLANG_WARN_BOOL_CONVERSION = YES;
				CLANG_WARN_COMMA = YES;
				CLANG_WARN_CONSTANT_CONVERSION = YES;
				CLANG_WARN_DEPRECATED_OBJC_IMPLEMENTATIONS = YES;
				CLANG_WARN_DIRECT_OBJC_ISA_USAGE = YES_ERROR;
				CLANG_WARN_DOCUMENTATION_COMMENTS = YES;
				CLANG_WARN_EMPTY_BODY = YES;
				CLANG_WARN_ENUM_CONVERSION = YES;
				CLANG_WARN_INFINITE_RECURSION = YES;
				CLANG_WARN_INT_CONVERSION = YES;
				CLANG_WARN_NON_LITERAL_NULL_CONVERSION = YES;
				CLANG_WARN_OBJC_IMPLICIT_RETAIN_SELF = YES;
				CLANG_WARN_OBJC_LITERAL_CONVERSION = YES;
				CLANG_WARN_OBJC_ROOT_CLASS = YES_ERROR;
				CLANG_WARN_QUOTED_INCLUDE_IN_FRAMEWORK_HEADER = YES;
				CLANG_WARN_RANGE_LOOP_ANALYSIS = YES;
				CLANG_WARN_STRICT_PROTOTYPES = YES;
				CLANG_WARN_SUSPICIOUS_MOVE = YES;
				CLANG_WARN_UNGUARDED_AVAILABILITY = YES_AGGRESSIVE;
				CLANG_WARN_UNREACHABLE_CODE = YES;
				CLANG_WARN__DUPLICATE_METHOD_MATCH = YES;
				COPY_PHASE_STRIP = NO;
				DEBUG_INFORMATION_FORMAT = "dwarf-with-dsym";
				ENABLE_NS_ASSERTIONS = NO;
				ENABLE_STRICT_OBJC_MSGSEND = YES;
				GCC_C_LANGUAGE_STANDARD = gnu11;
				GCC_NO_COMMON_BLOCKS = YES;
				GCC_WARN_64_TO_32_BIT_CONVERSION = YES;
				GCC_WARN_ABOUT_RETURN_TYPE = YES_ERROR;
				GCC_WARN_UNDECLARED_SELECTOR = YES;
				GCC_WARN_UNINITIALIZED_AUTOS = YES_AGGRESSIVE;
				GCC_WARN_UNUSED_FUNCTION = YES;
				GCC_WARN_UNUSED_VARIABLE = YES;
				IPHONEOS_DEPLOYMENT_TARGET = 14.4;
				MTL_ENABLE_DEBUG_INFO = NO;
				MTL_FAST_MATH = YES;
				SDKROOT = iphoneos;
				SWIFT_COMPILATION_MODE = wholemodule;
				SWIFT_OPTIMIZATION_LEVEL = "-O";
				VALIDATE_PRODUCT = YES;
			};
			name = Release;
		};
		D9F719242633B023000D0C3E /* Debug */ = {
			isa = XCBuildConfiguration;
			buildSettings = {
				ASSETCATALOG_COMPILER_APPICON_NAME = AppIcon;
				ASSETCATALOG_COMPILER_GLOBAL_ACCENT_COLOR_NAME = AccentColor;
				CODE_SIGN_STYLE = Automatic;
				DEVELOPMENT_TEAM = L7J675Y739;
				INFOPLIST_FILE = "$(SRCROOT)/Assigment 2/Info.plist";
				LD_RUNPATH_SEARCH_PATHS = (
					"$(inherited)",
					"@executable_path/Frameworks",
				);
				PRODUCT_BUNDLE_IDENTIFIER = "edu.monash.Assigment-2--Portfolio-Exercises";
				PRODUCT_NAME = "$(TARGET_NAME)";
				SWIFT_VERSION = 5.0;
				TARGETED_DEVICE_FAMILY = "1,2";
			};
			name = Debug;
		};
		D9F719252633B023000D0C3E /* Release */ = {
			isa = XCBuildConfiguration;
			buildSettings = {
				ASSETCATALOG_COMPILER_APPICON_NAME = AppIcon;
				ASSETCATALOG_COMPILER_GLOBAL_ACCENT_COLOR_NAME = AccentColor;
				CODE_SIGN_STYLE = Automatic;
				DEVELOPMENT_TEAM = L7J675Y739;
				INFOPLIST_FILE = "$(SRCROOT)/Assigment 2/Info.plist";
				LD_RUNPATH_SEARCH_PATHS = (
					"$(inherited)",
					"@executable_path/Frameworks",
				);
				PRODUCT_BUNDLE_IDENTIFIER = "edu.monash.Assigment-2--Portfolio-Exercises";
				PRODUCT_NAME = "$(TARGET_NAME)";
				SWIFT_VERSION = 5.0;
				TARGETED_DEVICE_FAMILY = "1,2";
			};
			name = Release;
		};
/* End XCBuildConfiguration section */

/* Begin XCConfigurationList section */
		D9F7190A2633B022000D0C3E /* Build configuration list for PBXProject "Assigment 2" */ = {
			isa = XCConfigurationList;
			buildConfigurations = (
				D9F719212633B023000D0C3E /* Debug */,
				D9F719222633B023000D0C3E /* Release */,
			);
			defaultConfigurationIsVisible = 0;
			defaultConfigurationName = Release;
		};
		D9F719232633B023000D0C3E /* Build configuration list for PBXNativeTarget "Assigment 2" */ = {
			isa = XCConfigurationList;
			buildConfigurations = (
				D9F719242633B023000D0C3E /* Debug */,
				D9F719252633B023000D0C3E /* Release */,
			);
			defaultConfigurationIsVisible = 0;
			defaultConfigurationName = Release;
		};
/* End XCConfigurationList section */
	};
	rootObject = D9F719072633B022000D0C3E /* Project object */;
}
